
Microsoft Visual Studio Solution File, Format Version 12.00
# Visual Studio Version 17
VisualStudioVersion = 17.3.32804.467
MinimumVisualStudioVersion = 10.0.40219.1
Project("{FAE04EC0-301F-11D3-BF4B-00C04F79EFBC}") = "GammingTest2", "GammingTest2\GammingTest2.csproj", "{43809C0C-9796-44D9-AB19-536373EA8FEB}"
EndProject
Global
	GlobalSection(SolutionConfigurationPlatforms) = preSolution
		Debug|Any CPU = Debug|Any CPU
		Release|Any CPU = Release|Any CPU
	EndGlobalSection
	GlobalSection(ProjectConfigurationPlatforms) = postSolution
		{43809C0C-9796-44D9-AB19-536373EA8FEB}.Debug|Any CPU.ActiveCfg = Debug|Any CPU
		{43809C0C-9796-44D9-AB19-536373EA8FEB}.Debug|Any CPU.Build.0 = Debug|Any CPU
		{43809C0C-9796-44D9-AB19-536373EA8FEB}.Release|Any CPU.ActiveCfg = Release|Any CPU
		{43809C0C-9796-44D9-AB19-536373EA8FEB}.Release|Any CPU.Build.0 = Release|Any CPU
	EndGlobalSection
	GlobalSection(SolutionProperties) = preSolution
		HideSolutionNode = FALSE
	EndGlobalSection
	GlobalSection(ExtensibilityGlobals) = postSolution
		SolutionGuid = {B3CA71AC-7DB0-4E52-A9E9-7E77826AFAF3}
	EndGlobalSection
EndGlobal
